
Microsoft Visual Studio Solution File, Format Version 12.00
# Visual Studio Version 17
VisualStudioVersion = 17.3.32922.545
MinimumVisualStudioVersion = 10.0.40219.1
Project("{FAE04EC0-301F-11D3-BF4B-00C04F79EFBC}") = "Chereches_Mara_Lab2", "Chereches_Mara_Lab2.csproj", "{6B024BCA-551D-4FA8-9637-7D621326E04E}"
EndProject
Global
	GlobalSection(SolutionConfigurationPlatforms) = preSolution
		Debug|Any CPU = Debug|Any CPU
		Release|Any CPU = Release|Any CPU
	EndGlobalSection
	GlobalSection(ProjectConfigurationPlatforms) = postSolution
		{6B024BCA-551D-4FA8-9637-7D621326E04E}.Debug|Any CPU.ActiveCfg = Debug|Any CPU
		{6B024BCA-551D-4FA8-9637-7D621326E04E}.Debug|Any CPU.Build.0 = Debug|Any CPU
		{6B024BCA-551D-4FA8-9637-7D621326E04E}.Release|Any CPU.ActiveCfg = Release|Any CPU
		{6B024BCA-551D-4FA8-9637-7D621326E04E}.Release|Any CPU.Build.0 = Release|Any CPU
	EndGlobalSection
	GlobalSection(SolutionProperties) = preSolution
		HideSolutionNode = FALSE
	EndGlobalSection
	GlobalSection(ExtensibilityGlobals) = postSolution
		SolutionGuid = {1790AEA5-262A-4485-9C72-21A3609CC8B1}
	EndGlobalSection
EndGlobal
